
Microsoft Visual Studio Solution File, Format Version 12.00
# Visual Studio Version 16
VisualStudioVersion = 16.0.29418.71
MinimumVisualStudioVersion = 10.0.40219.1
Project("{F184B08F-C81C-45F6-A57F-5ABD9991F28F}") = "ManagementMysql", "ManagementMysql.vbproj", "{AC799054-F636-44B9-A255-EC37F701BEEF}"
EndProject
Project("{9A19103F-16F7-4668-BE54-9A1E7A4F7556}") = "GenGrant", "..\GenGrant\GenGrant.csproj", "{3DD1AF37-4367-40B1-B71D-720E85E709B6}"
EndProject
Project("{9A19103F-16F7-4668-BE54-9A1E7A4F7556}") = "GenGrant.Tests", "..\GenGrant.Tests\GenGrant.Tests.csproj", "{D75080C3-DC74-4BE5-958C-7EC31ABD30A4}"
EndProject
Global
	GlobalSection(SolutionConfigurationPlatforms) = preSolution
		Debug|Any CPU = Debug|Any CPU
		Release|Any CPU = Release|Any CPU
	EndGlobalSection
	GlobalSection(ProjectConfigurationPlatforms) = postSolution
		{AC799054-F636-44B9-A255-EC37F701BEEF}.Debug|Any CPU.ActiveCfg = Debug|Any CPU
		{AC799054-F636-44B9-A255-EC37F701BEEF}.Debug|Any CPU.Build.0 = Debug|Any CPU
		{AC799054-F636-44B9-A255-EC37F701BEEF}.Release|Any CPU.ActiveCfg = Release|Any CPU
		{AC799054-F636-44B9-A255-EC37F701BEEF}.Release|Any CPU.Build.0 = Release|Any CPU
		{3DD1AF37-4367-40B1-B71D-720E85E709B6}.Debug|Any CPU.ActiveCfg = Debug|Any CPU
		{3DD1AF37-4367-40B1-B71D-720E85E709B6}.Debug|Any CPU.Build.0 = Debug|Any CPU
		{3DD1AF37-4367-40B1-B71D-720E85E709B6}.Release|Any CPU.ActiveCfg = Release|Any CPU
		{3DD1AF37-4367-40B1-B71D-720E85E709B6}.Release|Any CPU.Build.0 = Release|Any CPU
		{D75080C3-DC74-4BE5-958C-7EC31ABD30A4}.Debug|Any CPU.ActiveCfg = Debug|Any CPU
		{D75080C3-DC74-4BE5-958C-7EC31ABD30A4}.Debug|Any CPU.Build.0 = Debug|Any CPU
		{D75080C3-DC74-4BE5-958C-7EC31ABD30A4}.Release|Any CPU.ActiveCfg = Release|Any CPU
		{D75080C3-DC74-4BE5-958C-7EC31ABD30A4}.Release|Any CPU.Build.0 = Release|Any CPU
	EndGlobalSection
	GlobalSection(SolutionProperties) = preSolution
		HideSolutionNode = FALSE
	EndGlobalSection
	GlobalSection(ExtensibilityGlobals) = postSolution
		SolutionGuid = {F7F8848E-9483-4E41-BA5F-564F07DBCA0A}
	EndGlobalSection
EndGlobal
